// !$*UTF8*$!
{
	archiveVersion = 1;
	classes = {
	};
	objectVersion = 51;
	objects = {

/* Begin PBXBuildFile section */
		003E1A3C4ACE0F64B07DCE57 /* Pods_Heyo.framework in Frameworks */ = {isa = PBXBuildFile; fileRef = 0CB84B4AE759F28D98374D98 /* Pods_Heyo.framework */; };
		544F22556255B7BFC0A51C7D /* Pods_Heyo_HeyoUITests.framework in Frameworks */ = {isa = PBXBuildFile; fileRef = 00AA3E5A0C7A6714D70576E8 /* Pods_Heyo_HeyoUITests.framework */; };
		750C37BC24A983CC00F77592 /* AppDelegate.swift in Sources */ = {isa = PBXBuildFile; fileRef = 750C37BB24A983CC00F77592 /* AppDelegate.swift */; };
		750C37BE24A983CC00F77592 /* SceneDelegate.swift in Sources */ = {isa = PBXBuildFile; fileRef = 750C37BD24A983CC00F77592 /* SceneDelegate.swift */; };
		750C37C024A983CC00F77592 /* ContentView.swift in Sources */ = {isa = PBXBuildFile; fileRef = 750C37BF24A983CC00F77592 /* ContentView.swift */; };
		750C37C224A983D000F77592 /* Assets.xcassets in Resources */ = {isa = PBXBuildFile; fileRef = 750C37C124A983D000F77592 /* Assets.xcassets */; };
		750C37C524A983D000F77592 /* Preview Assets.xcassets in Resources */ = {isa = PBXBuildFile; fileRef = 750C37C424A983D000F77592 /* Preview Assets.xcassets */; };
		750C37C824A983D000F77592 /* LaunchScreen.storyboard in Resources */ = {isa = PBXBuildFile; fileRef = 750C37C624A983D000F77592 /* LaunchScreen.storyboard */; };
		750C37D324A983D000F77592 /* HeyoTests.swift in Sources */ = {isa = PBXBuildFile; fileRef = 750C37D224A983D000F77592 /* HeyoTests.swift */; };
		750C37DE24A983D000F77592 /* HeyoUITests.swift in Sources */ = {isa = PBXBuildFile; fileRef = 750C37DD24A983D000F77592 /* HeyoUITests.swift */; };
		9E5B179C94DF5A6FD9166592 /* Pods_HeyoTests.framework in Frameworks */ = {isa = PBXBuildFile; fileRef = 3012F524E9F008B5A89D1C8D /* Pods_HeyoTests.framework */; };
/* End PBXBuildFile section */

/* Begin PBXContainerItemProxy section */
		750C37CF24A983D000F77592 /* PBXContainerItemProxy */ = {
			isa = PBXContainerItemProxy;
			containerPortal = 750C37B024A983CC00F77592 /* Project object */;
			proxyType = 1;
			remoteGlobalIDString = 750C37B724A983CC00F77592;
			remoteInfo = Heyo;
		};
		750C37DA24A983D000F77592 /* PBXContainerItemProxy */ = {
			isa = PBXContainerItemProxy;
			containerPortal = 750C37B024A983CC00F77592 /* Project object */;
			proxyType = 1;
			remoteGlobalIDString = 750C37B724A983CC00F77592;
			remoteInfo = Heyo;
		};
/* End PBXContainerItemProxy section */

/* Begin PBXFileReference section */
		00AA3E5A0C7A6714D70576E8 /* Pods_Heyo_HeyoUITests.framework */ = {isa = PBXFileReference; explicitFileType = wrapper.framework; includeInIndex = 0; path = Pods_Heyo_HeyoUITests.framework; sourceTree = BUILT_PRODUCTS_DIR; };
		01BCC9CDAC9010168BE53541 /* Pods-HeyoTests.release.xcconfig */ = {isa = PBXFileReference; includeInIndex = 1; lastKnownFileType = text.xcconfig; name = "Pods-HeyoTests.release.xcconfig"; path = "Target Support Files/Pods-HeyoTests/Pods-HeyoTests.release.xcconfig"; sourceTree = "<group>"; };
		04FB598F090591BC9C3E968C /* Pods-Heyo-HeyoUITests.release.xcconfig */ = {isa = PBXFileReference; includeInIndex = 1; lastKnownFileType = text.xcconfig; name = "Pods-Heyo-HeyoUITests.release.xcconfig"; path = "Target Support Files/Pods-Heyo-HeyoUITests/Pods-Heyo-HeyoUITests.release.xcconfig"; sourceTree = "<group>"; };
		0CB84B4AE759F28D98374D98 /* Pods_Heyo.framework */ = {isa = PBXFileReference; explicitFileType = wrapper.framework; includeInIndex = 0; path = Pods_Heyo.framework; sourceTree = BUILT_PRODUCTS_DIR; };
		3012F524E9F008B5A89D1C8D /* Pods_HeyoTests.framework */ = {isa = PBXFileReference; explicitFileType = wrapper.framework; includeInIndex = 0; path = Pods_HeyoTests.framework; sourceTree = BUILT_PRODUCTS_DIR; };
		69CCB8C6DFCF9B624D2C82FB /* Pods-Heyo-HeyoUITests.debug.xcconfig */ = {isa = PBXFileReference; includeInIndex = 1; lastKnownFileType = text.xcconfig; name = "Pods-Heyo-HeyoUITests.debug.xcconfig"; path = "Target Support Files/Pods-Heyo-HeyoUITests/Pods-Heyo-HeyoUITests.debug.xcconfig"; sourceTree = "<group>"; };
		750C37B824A983CC00F77592 /* Heyo.app */ = {isa = PBXFileReference; explicitFileType = wrapper.application; includeInIndex = 0; path = Heyo.app; sourceTree = BUILT_PRODUCTS_DIR; };
		750C37BB24A983CC00F77592 /* AppDelegate.swift */ = {isa = PBXFileReference; lastKnownFileType = sourcecode.swift; path = AppDelegate.swift; sourceTree = "<group>"; };
		750C37BD24A983CC00F77592 /* SceneDelegate.swift */ = {isa = PBXFileReference; lastKnownFileType = sourcecode.swift; path = SceneDelegate.swift; sourceTree = "<group>"; };
		750C37BF24A983CC00F77592 /* ContentView.swift */ = {isa = PBXFileReference; lastKnownFileType = sourcecode.swift; path = ContentView.swift; sourceTree = "<group>"; };
		750C37C124A983D000F77592 /* Assets.xcassets */ = {isa = PBXFileReference; lastKnownFileType = folder.assetcatalog; path = Assets.xcassets; sourceTree = "<group>"; };
		750C37C424A983D000F77592 /* Preview Assets.xcassets */ = {isa = PBXFileReference; lastKnownFileType = folder.assetcatalog; path = "Preview Assets.xcassets"; sourceTree = "<group>"; };
		750C37C724A983D000F77592 /* Base */ = {isa = PBXFileReference; lastKnownFileType = file.storyboard; name = Base; path = Base.lproj/LaunchScreen.storyboard; sourceTree = "<group>"; };
		750C37C924A983D000F77592 /* Info.plist */ = {isa = PBXFileReference; lastKnownFileType = text.plist.xml; path = Info.plist; sourceTree = "<group>"; };
		750C37CE24A983D000F77592 /* HeyoTests.xctest */ = {isa = PBXFileReference; explicitFileType = wrapper.cfbundle; includeInIndex = 0; path = HeyoTests.xctest; sourceTree = BUILT_PRODUCTS_DIR; };
		750C37D224A983D000F77592 /* HeyoTests.swift */ = {isa = PBXFileReference; lastKnownFileType = sourcecode.swift; path = HeyoTests.swift; sourceTree = "<group>"; };
		750C37D424A983D000F77592 /* Info.plist */ = {isa = PBXFileReference; lastKnownFileType = text.plist.xml; path = Info.plist; sourceTree = "<group>"; };
		750C37D924A983D000F77592 /* HeyoUITests.xctest */ = {isa = PBXFileReference; explicitFileType = wrapper.cfbundle; includeInIndex = 0; path = HeyoUITests.xctest; sourceTree = BUILT_PRODUCTS_DIR; };
		750C37DD24A983D000F77592 /* HeyoUITests.swift */ = {isa = PBXFileReference; lastKnownFileType = sourcecode.swift; path = HeyoUITests.swift; sourceTree = "<group>"; };
		750C37DF24A983D000F77592 /* Info.plist */ = {isa = PBXFileReference; lastKnownFileType = text.plist.xml; path = Info.plist; sourceTree = "<group>"; };
		7861397BF1244DC16FF1D5EB /* Pods-HeyoTests.debug.xcconfig */ = {isa = PBXFileReference; includeInIndex = 1; lastKnownFileType = text.xcconfig; name = "Pods-HeyoTests.debug.xcconfig"; path = "Target Support Files/Pods-HeyoTests/Pods-HeyoTests.debug.xcconfig"; sourceTree = "<group>"; };
		7F49597F22D80AB254940D70 /* Pods-Heyo.release.xcconfig */ = {isa = PBXFileReference; includeInIndex = 1; lastKnownFileType = text.xcconfig; name = "Pods-Heyo.release.xcconfig"; path = "Target Support Files/Pods-Heyo/Pods-Heyo.release.xcconfig"; sourceTree = "<group>"; };
		A03732E76F4E2846295685EB /* Pods-Heyo.debug.xcconfig */ = {isa = PBXFileReference; includeInIndex = 1; lastKnownFileType = text.xcconfig; name = "Pods-Heyo.debug.xcconfig"; path = "Target Support Files/Pods-Heyo/Pods-Heyo.debug.xcconfig"; sourceTree = "<group>"; };
/* End PBXFileReference section */

/* Begin PBXFrameworksBuildPhase section */
		750C37B524A983CC00F77592 /* Frameworks */ = {
			isa = PBXFrameworksBuildPhase;
			buildActionMask = 2147483647;
			files = (
				003E1A3C4ACE0F64B07DCE57 /* Pods_Heyo.framework in Frameworks */,
			);
			runOnlyForDeploymentPostprocessing = 0;
		};
		750C37CB24A983D000F77592 /* Frameworks */ = {
			isa = PBXFrameworksBuildPhase;
			buildActionMask = 2147483647;
			files = (
				9E5B179C94DF5A6FD9166592 /* Pods_HeyoTests.framework in Frameworks */,
			);
			runOnlyForDeploymentPostprocessing = 0;
		};
		750C37D624A983D000F77592 /* Frameworks */ = {
			isa = PBXFrameworksBuildPhase;
			buildActionMask = 2147483647;
			files = (
				544F22556255B7BFC0A51C7D /* Pods_Heyo_HeyoUITests.framework in Frameworks */,
			);
			runOnlyForDeploymentPostprocessing = 0;
		};
/* End PBXFrameworksBuildPhase section */

/* Begin PBXGroup section */
		1826B24E61455F2D2EE0D59D /* Frameworks */ = {
			isa = PBXGroup;
			children = (
				0CB84B4AE759F28D98374D98 /* Pods_Heyo.framework */,
				00AA3E5A0C7A6714D70576E8 /* Pods_Heyo_HeyoUITests.framework */,
				3012F524E9F008B5A89D1C8D /* Pods_HeyoTests.framework */,
			);
			name = Frameworks;
			sourceTree = "<group>";
		};
		750C37AF24A983CC00F77592 = {
			isa = PBXGroup;
			children = (
				750C37BA24A983CC00F77592 /* Heyo */,
				750C37D124A983D000F77592 /* HeyoTests */,
				750C37DC24A983D000F77592 /* HeyoUITests */,
				750C37B924A983CC00F77592 /* Products */,
				BAE2942B2EC0F8B3EBC899A1 /* Pods */,
				1826B24E61455F2D2EE0D59D /* Frameworks */,
			);
			sourceTree = "<group>";
		};
		750C37B924A983CC00F77592 /* Products */ = {
			isa = PBXGroup;
			children = (
				750C37B824A983CC00F77592 /* Heyo.app */,
				750C37CE24A983D000F77592 /* HeyoTests.xctest */,
				750C37D924A983D000F77592 /* HeyoUITests.xctest */,
			);
			name = Products;
			sourceTree = "<group>";
		};
		750C37BA24A983CC00F77592 /* Heyo */ = {
			isa = PBXGroup;
			children = (
				750C37BB24A983CC00F77592 /* AppDelegate.swift */,
				750C37BD24A983CC00F77592 /* SceneDelegate.swift */,
				750C37BF24A983CC00F77592 /* ContentView.swift */,
				750C37C124A983D000F77592 /* Assets.xcassets */,
				750C37C624A983D000F77592 /* LaunchScreen.storyboard */,
				750C37C924A983D000F77592 /* Info.plist */,
				750C37C324A983D000F77592 /* Preview Content */,
			);
			path = Heyo;
			sourceTree = "<group>";
		};
		750C37C324A983D000F77592 /* Preview Content */ = {
			isa = PBXGroup;
			children = (
				750C37C424A983D000F77592 /* Preview Assets.xcassets */,
			);
			path = "Preview Content";
			sourceTree = "<group>";
		};
		750C37D124A983D000F77592 /* HeyoTests */ = {
			isa = PBXGroup;
			children = (
				750C37D224A983D000F77592 /* HeyoTests.swift */,
				750C37D424A983D000F77592 /* Info.plist */,
			);
			path = HeyoTests;
			sourceTree = "<group>";
		};
		750C37DC24A983D000F77592 /* HeyoUITests */ = {
			isa = PBXGroup;
			children = (
				750C37DD24A983D000F77592 /* HeyoUITests.swift */,
				750C37DF24A983D000F77592 /* Info.plist */,
			);
			path = HeyoUITests;
			sourceTree = "<group>";
		};
		BAE2942B2EC0F8B3EBC899A1 /* Pods */ = {
			isa = PBXGroup;
			children = (
				A03732E76F4E2846295685EB /* Pods-Heyo.debug.xcconfig */,
				7F49597F22D80AB254940D70 /* Pods-Heyo.release.xcconfig */,
				69CCB8C6DFCF9B624D2C82FB /* Pods-Heyo-HeyoUITests.debug.xcconfig */,
				04FB598F090591BC9C3E968C /* Pods-Heyo-HeyoUITests.release.xcconfig */,
				7861397BF1244DC16FF1D5EB /* Pods-HeyoTests.debug.xcconfig */,
				01BCC9CDAC9010168BE53541 /* Pods-HeyoTests.release.xcconfig */,
			);
			path = Pods;
			sourceTree = "<group>";
		};
/* End PBXGroup section */

/* Begin PBXNativeTarget section */
		750C37B724A983CC00F77592 /* Heyo */ = {
			isa = PBXNativeTarget;
			buildConfigurationList = 750C37E224A983D000F77592 /* Build configuration list for PBXNativeTarget "Heyo" */;
			buildPhases = (
				E05A795D5C41B8C59C9E17FE /* [CP] Check Pods Manifest.lock */,
				750C37B424A983CC00F77592 /* Sources */,
				750C37B524A983CC00F77592 /* Frameworks */,
				750C37B624A983CC00F77592 /* Resources */,
				4E1AEAA6D005B9908BBCC804 /* [CP] Embed Pods Frameworks */,
			);
			buildRules = (
			);
			dependencies = (
			);
			name = Heyo;
			productName = Heyo;
			productReference = 750C37B824A983CC00F77592 /* Heyo.app */;
			productType = "com.apple.product-type.application";
		};
		750C37CD24A983D000F77592 /* HeyoTests */ = {
			isa = PBXNativeTarget;
			buildConfigurationList = 750C37E524A983D000F77592 /* Build configuration list for PBXNativeTarget "HeyoTests" */;
			buildPhases = (
				87720CDCE8D197EA892D8497 /* [CP] Check Pods Manifest.lock */,
				750C37CA24A983D000F77592 /* Sources */,
				750C37CB24A983D000F77592 /* Frameworks */,
				750C37CC24A983D000F77592 /* Resources */,
			);
			buildRules = (
			);
			dependencies = (
				750C37D024A983D000F77592 /* PBXTargetDependency */,
			);
			name = HeyoTests;
			productName = HeyoTests;
			productReference = 750C37CE24A983D000F77592 /* HeyoTests.xctest */;
			productType = "com.apple.product-type.bundle.unit-test";
		};
		750C37D824A983D000F77592 /* HeyoUITests */ = {
			isa = PBXNativeTarget;
			buildConfigurationList = 750C37E824A983D000F77592 /* Build configuration list for PBXNativeTarget "HeyoUITests" */;
			buildPhases = (
				3C6CAD8CD5CF80D284DB1B25 /* [CP] Check Pods Manifest.lock */,
				750C37D524A983D000F77592 /* Sources */,
				750C37D624A983D000F77592 /* Frameworks */,
				750C37D724A983D000F77592 /* Resources */,
				66187CF1B7F7154C697C45B7 /* [CP] Embed Pods Frameworks */,
			);
			buildRules = (
			);
			dependencies = (
				750C37DB24A983D000F77592 /* PBXTargetDependency */,
			);
			name = HeyoUITests;
			productName = HeyoUITests;
			productReference = 750C37D924A983D000F77592 /* HeyoUITests.xctest */;
			productType = "com.apple.product-type.bundle.ui-testing";
		};
/* End PBXNativeTarget section */

/* Begin PBXProject section */
		750C37B024A983CC00F77592 /* Project object */ = {
			isa = PBXProject;
			attributes = {
				LastSwiftUpdateCheck = 1130;
				LastUpgradeCheck = 1130;
				ORGANIZATIONNAME = "Daval Cato";
				TargetAttributes = {
					750C37B724A983CC00F77592 = {
						CreatedOnToolsVersion = 11.3;
					};
					750C37CD24A983D000F77592 = {
						CreatedOnToolsVersion = 11.3;
						TestTargetID = 750C37B724A983CC00F77592;
					};
					750C37D824A983D000F77592 = {
						CreatedOnToolsVersion = 11.3;
						TestTargetID = 750C37B724A983CC00F77592;
					};
				};
			};
			buildConfigurationList = 750C37B324A983CC00F77592 /* Build configuration list for PBXProject "Heyo" */;
			compatibilityVersion = "Xcode 9.3";
			developmentRegion = en;
			hasScannedForEncodings = 0;
			knownRegions = (
				en,
				Base,
			);
			mainGroup = 750C37AF24A983CC00F77592;
			productRefGroup = 750C37B924A983CC00F77592 /* Products */;
			projectDirPath = "";
			projectRoot = "";
			targets = (
				750C37B724A983CC00F77592 /* Heyo */,
				750C37CD24A983D000F77592 /* HeyoTests */,
				750C37D824A983D000F77592 /* HeyoUITests */,
			);
		};
/* End PBXProject section */

/* Begin PBXResourcesBuildPhase section */
		750C37B624A983CC00F77592 /* Resources */ = {
			isa = PBXResourcesBuildPhase;
			buildActionMask = 2147483647;
			files = (
				750C37C824A983D000F77592 /* LaunchScreen.storyboard in Resources */,
				750C37C524A983D000F77592 /* Preview Assets.xcassets in Resources */,
				750C37C224A983D000F77592 /* Assets.xcassets in Resources */,
			);
			runOnlyForDeploymentPostprocessing = 0;
		};
		750C37CC24A983D000F77592 /* Resources */ = {
			isa = PBXResourcesBuildPhase;
			buildActionMask = 2147483647;
			files = (
			);
			runOnlyForDeploymentPostprocessing = 0;
		};
		750C37D724A983D000F77592 /* Resources */ = {
			isa = PBXResourcesBuildPhase;
			buildActionMask = 2147483647;
			files = (
			);
			runOnlyForDeploymentPostprocessing = 0;
		};
/* End PBXResourcesBuildPhase section */

/* Begin PBXShellScriptBuildPhase section */
		3C6CAD8CD5CF80D284DB1B25 /* [CP] Check Pods Manifest.lock */ = {
			isa = PBXShellScriptBuildPhase;
			buildActionMask = 2147483647;
			files = (
			);
			inputFileListPaths = (
			);
			inputPaths = (
				"${PODS_PODFILE_DIR_PATH}/Podfile.lock",
				"${PODS_ROOT}/Manifest.lock",
			);
			name = "[CP] Check Pods Manifest.lock";
			outputFileListPaths = (
			);
			outputPaths = (
				"$(DERIVED_FILE_DIR)/Pods-Heyo-HeyoUITests-checkManifestLockResult.txt",
			);
			runOnlyForDeploymentPostprocessing = 0;
			shellPath = /bin/sh;
			shellScript = "diff \"${PODS_PODFILE_DIR_PATH}/Podfile.lock\" \"${PODS_ROOT}/Manifest.lock\" > /dev/null\nif [ $? != 0 ] ; then\n    # print error to STDERR\n    echo \"error: The sandbox is not in sync with the Podfile.lock. Run 'pod install' or update your CocoaPods installation.\" >&2\n    exit 1\nfi\n# This output is used by Xcode 'outputs' to avoid re-running this script phase.\necho \"SUCCESS\" > \"${SCRIPT_OUTPUT_FILE_0}\"\n";
			showEnvVarsInLog = 0;
		};
		4E1AEAA6D005B9908BBCC804 /* [CP] Embed Pods Frameworks */ = {
			isa = PBXShellScriptBuildPhase;
			buildActionMask = 2147483647;
			files = (
			);
			inputFileListPaths = (
				"${PODS_ROOT}/Target Support Files/Pods-Heyo/Pods-Heyo-frameworks-${CONFIGURATION}-input-files.xcfilelist",
			);
			name = "[CP] Embed Pods Frameworks";
			outputFileListPaths = (
				"${PODS_ROOT}/Target Support Files/Pods-Heyo/Pods-Heyo-frameworks-${CONFIGURATION}-output-files.xcfilelist",
			);
			runOnlyForDeploymentPostprocessing = 0;
			shellPath = /bin/sh;
			shellScript = "\"${PODS_ROOT}/Target Support Files/Pods-Heyo/Pods-Heyo-frameworks.sh\"\n";
			showEnvVarsInLog = 0;
		};
		66187CF1B7F7154C697C45B7 /* [CP] Embed Pods Frameworks */ = {
			isa = PBXShellScriptBuildPhase;
			buildActionMask = 2147483647;
			files = (
			);
			inputFileListPaths = (
				"${PODS_ROOT}/Target Support Files/Pods-Heyo-HeyoUITests/Pods-Heyo-HeyoUITests-frameworks-${CONFIGURATION}-input-files.xcfilelist",
			);
			name = "[CP] Embed Pods Frameworks";
			outputFileListPaths = (
				"${PODS_ROOT}/Target Support Files/Pods-Heyo-HeyoUITests/Pods-Heyo-HeyoUITests-frameworks-${CONFIGURATION}-output-files.xcfilelist",
			);
			runOnlyForDeploymentPostprocessing = 0;
			shellPath = /bin/sh;
			shellScript = "\"${PODS_ROOT}/Target Support Files/Pods-Heyo-HeyoUITests/Pods-Heyo-HeyoUITests-frameworks.sh\"\n";
			showEnvVarsInLog = 0;
		};
		87720CDCE8D197EA892D8497 /* [CP] Check Pods Manifest.lock */ = {
			isa = PBXShellScriptBuildPhase;
			buildActionMask = 2147483647;
			files = (
			);
			inputFileListPaths = (
			);
			inputPaths = (
				"${PODS_PODFILE_DIR_PATH}/Podfile.lock",
				"${PODS_ROOT}/Manifest.lock",
			);
			name = "[CP] Check Pods Manifest.lock";
			outputFileListPaths = (
			);
			outputPaths = (
				"$(DERIVED_FILE_DIR)/Pods-HeyoTests-checkManifestLockResult.txt",
			);
			runOnlyForDeploymentPostprocessing = 0;
			shellPath = /bin/sh;
			shellScript = "diff \"${PODS_PODFILE_DIR_PATH}/Podfile.lock\" \"${PODS_ROOT}/Manifest.lock\" > /dev/null\nif [ $? != 0 ] ; then\n    # print error to STDERR\n    echo \"error: The sandbox is not in sync with the Podfile.lock. Run 'pod install' or update your CocoaPods installation.\" >&2\n    exit 1\nfi\n# This output is used by Xcode 'outputs' to avoid re-running this script phase.\necho \"SUCCESS\" > \"${SCRIPT_OUTPUT_FILE_0}\"\n";
			showEnvVarsInLog = 0;
		};
		E05A795D5C41B8C59C9E17FE /* [CP] Check Pods Manifest.lock */ = {
			isa = PBXShellScriptBuildPhase;
			buildActionMask = 2147483647;
			files = (
			);
			inputFileListPaths = (
			);
			inputPaths = (
				"${PODS_PODFILE_DIR_PATH}/Podfile.lock",
				"${PODS_ROOT}/Manifest.lock",
			);
			name = "[CP] Check Pods Manifest.lock";
			outputFileListPaths = (
			);
			outputPaths = (
				"$(DERIVED_FILE_DIR)/Pods-Heyo-checkManifestLockResult.txt",
			);
			runOnlyForDeploymentPostprocessing = 0;
			shellPath = /bin/sh;
			shellScript = "diff \"${PODS_PODFILE_DIR_PATH}/Podfile.lock\" \"${PODS_ROOT}/Manifest.lock\" > /dev/null\nif [ $? != 0 ] ; then\n    # print error to STDERR\n    echo \"error: The sandbox is not in sync with the Podfile.lock. Run 'pod install' or update your CocoaPods installation.\" >&2\n    exit 1\nfi\n# This output is used by Xcode 'outputs' to avoid re-running this script phase.\necho \"SUCCESS\" > \"${SCRIPT_OUTPUT_FILE_0}\"\n";
			showEnvVarsInLog = 0;
		};
/* End PBXShellScriptBuildPhase section */

/* Begin PBXSourcesBuildPhase section */
		750C37B424A983CC00F77592 /* Sources */ = {
			isa = PBXSourcesBuildPhase;
			buildActionMask = 2147483647;
			files = (
				750C37BC24A983CC00F77592 /* AppDelegate.swift in Sources */,
				750C37BE24A983CC00F77592 /* SceneDelegate.swift in Sources */,
				750C37C024A983CC00F77592 /* ContentView.swift in Sources */,
			);
			runOnlyForDeploymentPostprocessing = 0;
		};
		750C37CA24A983D000F77592 /* Sources */ = {
			isa = PBXSourcesBuildPhase;
			buildActionMask = 2147483647;
			files = (
				750C37D324A983D000F77592 /* HeyoTests.swift in Sources */,
			);
			runOnlyForDeploymentPostprocessing = 0;
		};
		750C37D524A983D000F77592 /* Sources */ = {
			isa = PBXSourcesBuildPhase;
			buildActionMask = 2147483647;
			files = (
				750C37DE24A983D000F77592 /* HeyoUITests.swift in Sources */,
			);
			runOnlyForDeploymentPostprocessing = 0;
		};
/* End PBXSourcesBuildPhase section */

/* Begin PBXTargetDependency section */
		750C37D024A983D000F77592 /* PBXTargetDependency */ = {
			isa = PBXTargetDependency;
			target = 750C37B724A983CC00F77592 /* Heyo */;
			targetProxy = 750C37CF24A983D000F77592 /* PBXContainerItemProxy */;
		};
		750C37DB24A983D000F77592 /* PBXTargetDependency */ = {
			isa = PBXTargetDependency;
			target = 750C37B724A983CC00F77592 /* Heyo */;
			targetProxy = 750C37DA24A983D000F77592 /* PBXContainerItemProxy */;
		};
/* End PBXTargetDependency section */

/* Begin PBXVariantGroup section */
		750C37C624A983D000F77592 /* LaunchScreen.storyboard */ = {
			isa = PBXVariantGroup;
			children = (
				750C37C724A983D000F77592 /* Base */,
			);
			name = LaunchScreen.storyboard;
			sourceTree = "<group>";
		};
/* End PBXVariantGroup section */

/* Begin XCBuildConfiguration section */
		750C37E024A983D000F77592 /* Debug */ = {
			isa = XCBuildConfiguration;
			buildSettings = {
				ALWAYS_SEARCH_USER_PATHS = NO;
				CLANG_ANALYZER_NONNULL = YES;
				CLANG_ANALYZER_NUMBER_OBJECT_CONVERSION = YES_AGGRESSIVE;
				CLANG_CXX_LANGUAGE_STANDARD = "gnu++14";
				CLANG_CXX_LIBRARY = "libc++";
				CLANG_ENABLE_MODULES = YES;
				CLANG_ENABLE_OBJC_ARC = YES;
				CLANG_ENABLE_OBJC_WEAK = YES;
				CLANG_WARN_BLOCK_CAPTURE_AUTORELEASING = YES;
				CLANG_WARN_BOOL_CONVERSION = YES;
				CLANG_WARN_COMMA = YES;
				CLANG_WARN_CONSTANT_CONVERSION = YES;
				CLANG_WARN_DEPRECATED_OBJC_IMPLEMENTATIONS = YES;
				CLANG_WARN_DIRECT_OBJC_ISA_USAGE = YES_ERROR;
				CLANG_WARN_DOCUMENTATION_COMMENTS = YES;
				CLANG_WARN_EMPTY_BODY = YES;
				CLANG_WARN_ENUM_CONVERSION = YES;
				CLANG_WARN_INFINITE_RECURSION = YES;
				CLANG_WARN_INT_CONVERSION = YES;
				CLANG_WARN_NON_LITERAL_NULL_CONVERSION = YES;
				CLANG_WARN_OBJC_IMPLICIT_RETAIN_SELF = YES;
				CLANG_WARN_OBJC_LITERAL_CONVERSION = YES;
				CLANG_WARN_OBJC_ROOT_CLASS = YES_ERROR;
				CLANG_WARN_RANGE_LOOP_ANALYSIS = YES;
				CLANG_WARN_STRICT_PROTOTYPES = YES;
				CLANG_WARN_SUSPICIOUS_MOVE = YES;
				CLANG_WARN_UNGUARDED_AVAILABILITY = YES_AGGRESSIVE;
				CLANG_WARN_UNREACHABLE_CODE = YES;
				CLANG_WARN__DUPLICATE_METHOD_MATCH = YES;
				COPY_PHASE_STRIP = NO;
				DEBUG_INFORMATION_FORMAT = dwarf;
				ENABLE_STRICT_OBJC_MSGSEND = YES;
				ENABLE_TESTABILITY = YES;
				GCC_C_LANGUAGE_STANDARD = gnu11;
				GCC_DYNAMIC_NO_PIC = NO;
				GCC_NO_COMMON_BLOCKS = YES;
				GCC_OPTIMIZATION_LEVEL = 0;
				GCC_PREPROCESSOR_DEFINITIONS = (
					"DEBUG=1",
					"$(inherited)",
				);
				GCC_WARN_64_TO_32_BIT_CONVERSION = YES;
				GCC_WARN_ABOUT_RETURN_TYPE = YES_ERROR;
				GCC_WARN_UNDECLARED_SELECTOR = YES;
				GCC_WARN_UNINITIALIZED_AUTOS = YES_AGGRESSIVE;
				GCC_WARN_UNUSED_FUNCTION = YES;
				GCC_WARN_UNUSED_VARIABLE = YES;
				IPHONEOS_DEPLOYMENT_TARGET = 13.2;
				MTL_ENABLE_DEBUG_INFO = INCLUDE_SOURCE;
				MTL_FAST_MATH = YES;
				ONLY_ACTIVE_ARCH = YES;
				SDKROOT = iphoneos;
				SWIFT_ACTIVE_COMPILATION_CONDITIONS = DEBUG;
				SWIFT_OPTIMIZATION_LEVEL = "-Onone";
			};
			name = Debug;
		};
		750C37E124A983D000F77592 /* Release */ = {
			isa = XCBuildConfiguration;
			buildSettings = {
				ALWAYS_SEARCH_USER_PATHS = NO;
				CLANG_ANALYZER_NONNULL = YES;
				CLANG_ANALYZER_NUMBER_OBJECT_CONVERSION = YES_AGGRESSIVE;
				CLANG_CXX_LANGUAGE_STANDARD = "gnu++14";
				CLANG_CXX_LIBRARY = "libc++";
				CLANG_ENABLE_MODULES = YES;
				CLANG_ENABLE_OBJC_ARC = YES;
				CLANG_ENABLE_OBJC_WEAK = YES;
				CLANG_WARN_BLOCK_CAPTURE_AUTORELEASING = YES;
				CLANG_WARN_BOOL_CONVERSION = YES;
				CLANG_WARN_COMMA = YES;
				CLANG_WARN_CONSTANT_CONVERSION = YES;
				CLANG_WARN_DEPRECATED_OBJC_IMPLEMENTATIONS = YES;
				CLANG_WARN_DIRECT_OBJC_ISA_USAGE = YES_ERROR;
				CLANG_WARN_DOCUMENTATION_COMMENTS = YES;
				CLANG_WARN_EMPTY_BODY = YES;
				CLANG_WARN_ENUM_CONVERSION = YES;
				CLANG_WARN_INFINITE_RECURSION = YES;
				CLANG_WARN_INT_CONVERSION = YES;
				CLANG_WARN_NON_LITERAL_NULL_CONVERSION = YES;
				CLANG_WARN_OBJC_IMPLICIT_RETAIN_SELF = YES;
				CLANG_WARN_OBJC_LITERAL_CONVERSION = YES;
				CLANG_WARN_OBJC_ROOT_CLASS = YES_ERROR;
				CLANG_WARN_RANGE_LOOP_ANALYSIS = YES;
				CLANG_WARN_STRICT_PROTOTYPES = YES;
				CLANG_WARN_SUSPICIOUS_MOVE = YES;
				CLANG_WARN_UNGUARDED_AVAILABILITY = YES_AGGRESSIVE;
				CLANG_WARN_UNREACHABLE_CODE = YES;
				CLANG_WARN__DUPLICATE_METHOD_MATCH = YES;
				COPY_PHASE_STRIP = NO;
				DEBUG_INFORMATION_FORMAT = "dwarf-with-dsym";
				ENABLE_NS_ASSERTIONS = NO;
				ENABLE_STRICT_OBJC_MSGSEND = YES;
				GCC_C_LANGUAGE_STANDARD = gnu11;
				GCC_NO_COMMON_BLOCKS = YES;
				GCC_WARN_64_TO_32_BIT_CONVERSION = YES;
				GCC_WARN_ABOUT_RETURN_TYPE = YES_ERROR;
				GCC_WARN_UNDECLARED_SELECTOR = YES;
				GCC_WARN_UNINITIALIZED_AUTOS = YES_AGGRESSIVE;
				GCC_WARN_UNUSED_FUNCTION = YES;
				GCC_WARN_UNUSED_VARIABLE = YES;
				IPHONEOS_DEPLOYMENT_TARGET = 13.2;
				MTL_ENABLE_DEBUG_INFO = NO;
				MTL_FAST_MATH = YES;
				SDKROOT = iphoneos;
				SWIFT_COMPILATION_MODE = wholemodule;
				SWIFT_OPTIMIZATION_LEVEL = "-O";
				VALIDATE_PRODUCT = YES;
			};
			name = Release;
		};
		750C37E324A983D000F77592 /* Debug */ = {
			isa = XCBuildConfiguration;
			baseConfigurationReference = A03732E76F4E2846295685EB /* Pods-Heyo.debug.xcconfig */;
			buildSettings = {
				ASSETCATALOG_COMPILER_APPICON_NAME = AppIcon;
				CODE_SIGN_STYLE = Automatic;
				DEVELOPMENT_ASSET_PATHS = "\"Heyo/Preview Content\"";
				DEVELOPMENT_TEAM = QFQW29JWKY;
				ENABLE_PREVIEWS = YES;
				INFOPLIST_FILE = Heyo/Info.plist;
				LD_RUNPATH_SEARCH_PATHS = (
					"$(inherited)",
					"@executable_path/Frameworks",
				);
				PRODUCT_BUNDLE_IDENTIFIER = com.techsector.Heyo;
				PRODUCT_NAME = "$(TARGET_NAME)";
				SWIFT_VERSION = 5.0;
				TARGETED_DEVICE_FAMILY = "1,2";
			};
			name = Debug;
		};
		750C37E424A983D000F77592 /* Release */ = {
			isa = XCBuildConfiguration;
			baseConfigurationReference = 7F49597F22D80AB254940D70 /* Pods-Heyo.release.xcconfig */;
			buildSettings = {
				ASSETCATALOG_COMPILER_APPICON_NAME = AppIcon;
				CODE_SIGN_STYLE = Automatic;
				DEVELOPMENT_ASSET_PATHS = "\"Heyo/Preview Content\"";
				DEVELOPMENT_TEAM = QFQW29JWKY;
				ENABLE_PREVIEWS = YES;
				INFOPLIST_FILE = Heyo/Info.plist;
				LD_RUNPATH_SEARCH_PATHS = (
					"$(inherited)",
					"@executable_path/Frameworks",
				);
				PRODUCT_BUNDLE_IDENTIFIER = com.techsector.Heyo;
				PRODUCT_NAME = "$(TARGET_NAME)";
				SWIFT_VERSION = 5.0;
				TARGETED_DEVICE_FAMILY = "1,2";
			};
			name = Release;
		};
		750C37E624A983D000F77592 /* Debug */ = {
			isa = XCBuildConfiguration;
			baseConfigurationReference = 7861397BF1244DC16FF1D5EB /* Pods-HeyoTests.debug.xcconfig */;
			buildSettings = {
				ALWAYS_EMBED_SWIFT_STANDARD_LIBRARIES = YES;
				BUNDLE_LOADER = "$(TEST_HOST)";
				CODE_SIGN_STYLE = Automatic;
				DEVELOPMENT_TEAM = QFQW29JWKY;
				INFOPLIST_FILE = HeyoTests/Info.plist;
				IPHONEOS_DEPLOYMENT_TARGET = 13.2;
				LD_RUNPATH_SEARCH_PATHS = (
					"$(inherited)",
					"@executable_path/Frameworks",
					"@loader_path/Frameworks",
				);
				PRODUCT_BUNDLE_IDENTIFIER = com.techsector.HeyoTests;
				PRODUCT_NAME = "$(TARGET_NAME)";
				SWIFT_VERSION = 5.0;
				TARGETED_DEVICE_FAMILY = "1,2";
				TEST_HOST = "$(BUILT_PRODUCTS_DIR)/Heyo.app/Heyo";
			};
			name = Debug;
		};
		750C37E724A983D000F77592 /* Release */ = {
			isa = XCBuildConfiguration;
			baseConfigurationReference = 01BCC9CDAC9010168BE53541 /* Pods-HeyoTests.release.xcconfig */;
			buildSettings = {
				ALWAYS_EMBED_SWIFT_STANDARD_LIBRARIES = YES;
				BUNDLE_LOADER = "$(TEST_HOST)";
				CODE_SIGN_STYLE = Automatic;
				DEVELOPMENT_TEAM = QFQW29JWKY;
				INFOPLIST_FILE = HeyoTests/Info.plist;
				IPHONEOS_DEPLOYMENT_TARGET = 13.2;
				LD_RUNPATH_SEARCH_PATHS = (
					"$(inherited)",
					"@executable_path/Frameworks",
					"@loader_path/Frameworks",
				);
				PRODUCT_BUNDLE_IDENTIFIER = com.techsector.HeyoTests;
				PRODUCT_NAME = "$(TARGET_NAME)";
				SWIFT_VERSION = 5.0;
				TARGETED_DEVICE_FAMILY = "1,2";
				TEST_HOST = "$(BUILT_PRODUCTS_DIR)/Heyo.app/Heyo";
			};
			name = Release;
		};
		750C37E924A983D000F77592 /* Debug */ = {
			isa = XCBuildConfiguration;
			baseConfigurationReference = 69CCB8C6DFCF9B624D2C82FB /* Pods-Heyo-HeyoUITests.debug.xcconfig */;
			buildSettings = {
				ALWAYS_EMBED_SWIFT_STANDARD_LIBRARIES = YES;
				CODE_SIGN_STYLE = Automatic;
				DEVELOPMENT_TEAM = QFQW29JWKY;
				INFOPLIST_FILE = HeyoUITests/Info.plist;
				LD_RUNPATH_SEARCH_PATHS = (
					"$(inherited)",
					"@executable_path/Frameworks",
					"@loader_path/Frameworks",
				);
				PRODUCT_BUNDLE_IDENTIFIER = com.techsector.HeyoUITests;
				PRODUCT_NAME = "$(TARGET_NAME)";
				SWIFT_VERSION = 5.0;
				TARGETED_DEVICE_FAMILY = "1,2";
				TEST_TARGET_NAME = Heyo;
			};
			name = Debug;
		};
		750C37EA24A983D000F77592 /* Release */ = {
			isa = XCBuildConfiguration;
			baseConfigurationReference = 04FB598F090591BC9C3E968C /* Pods-Heyo-HeyoUITests.release.xcconfig */;
			buildSettings = {
				ALWAYS_EMBED_SWIFT_STANDARD_LIBRARIES = YES;
				CODE_SIGN_STYLE = Automatic;
				DEVELOPMENT_TEAM = QFQW29JWKY;
				INFOPLIST_FILE = HeyoUITests/Info.plist;
				LD_RUNPATH_SEARCH_PATHS = (
					"$(inherited)",
					"@executable_path/Frameworks",
					"@loader_path/Frameworks",
				);
				PRODUCT_BUNDLE_IDENTIFIER = com.techsector.HeyoUITests;
				PRODUCT_NAME = "$(TARGET_NAME)";
				SWIFT_VERSION = 5.0;
				TARGETED_DEVICE_FAMILY = "1,2";
				TEST_TARGET_NAME = Heyo;
			};
			name = Release;
		};
/* End XCBuildConfiguration section */

/* Begin XCConfigurationList section */
		750C37B324A983CC00F77592 /* Build configuration list for PBXProject "Heyo" */ = {
			isa = XCConfigurationList;
			buildConfigurations = (
				750C37E024A983D000F77592 /* Debug */,
				750C37E124A983D000F77592 /* Release */,
			);
			defaultConfigurationIsVisible = 0;
			defaultConfigurationName = Release;
		};
		750C37E224A983D000F77592 /* Build configuration list for PBXNativeTarget "Heyo" */ = {
			isa = XCConfigurationList;
			buildConfigurations = (
				750C37E324A983D000F77592 /* Debug */,
				750C37E424A983D000F77592 /* Release */,
			);
			defaultConfigurationIsVisible = 0;
			defaultConfigurationName = Release;
		};
		750C37E524A983D000F77592 /* Build configuration list for PBXNativeTarget "HeyoTests" */ = {
			isa = XCConfigurationList;
			buildConfigurations = (
				750C37E624A983D000F77592 /* Debug */,
				750C37E724A983D000F77592 /* Release */,
			);
			defaultConfigurationIsVisible = 0;
			defaultConfigurationName = Release;
		};
		750C37E824A983D000F77592 /* Build configuration list for PBXNativeTarget "HeyoUITests" */ = {
			isa = XCConfigurationList;
			buildConfigurations = (
				750C37E924A983D000F77592 /* Debug */,
				750C37EA24A983D000F77592 /* Release */,
			);
			defaultConfigurationIsVisible = 0;
			defaultConfigurationName = Release;
		};
/* End XCConfigurationList section */
	};
	rootObject = 750C37B024A983CC00F77592 /* Project object */;
}
